<?xml version="1.0" encoding="utf-8"?>
<Project ToolsVersion="4.0" xmlns="http://schemas.microsoft.com/developer/msbuild/2003">
  <ItemGroup>
    <Filter Include="源文件">
      <UniqueIdentifier>{4FC737F1-C7A5-4376-A066-2A32D752A2FF}</UniqueIdentifier>
      <Extensions>cpp;c;cc;cxx;def;odl;idl;hpj;bat;asm;asmx</Extensions>
    </Filter>
    <Filter Include="头文件">
      <UniqueIdentifier>{93995380-89BD-4b04-88EB-625FBE52EBFB}</UniqueIdentifier>
      <Extensions>h;hh;hpp;hxx;hm;inl;inc;ipp;xsd</Extensions>
    </Filter>
    <Filter Include="资源文件">
      <UniqueIdentifier>{67DA6AB6-F800-4c08-8B7A-83BB121AAD01}</UniqueIdentifier>
      <Extensions>rc;ico;cur;bmp;dlg;rc2;rct;bin;rgs;gif;jpg;jpeg;jpe;resx;tiff;tif;png;wav;mfcribbon-ms</Extensions>
    </Filter>
  </ItemGroup>
  <ItemGroup>
    <ClCompile Include="NetCore.cpp">
      <Filter>源文件</Filter>
    </ClCompile>
    <ClCompile Include="..\code\CAcceptor.cpp">
      <Filter>源文件</Filter>
    </ClCompile>
    <ClCompile Include="..\code\CArray.cpp">
      <Filter>源文件</Filter>
    </ClCompile>
    <ClCompile Include="..\code\CBaseConnection.cpp">
      <Filter>源文件</Filter>
    </ClCompile>
    <ClCompile Include="..\code\CBaseSocket.cpp">
      <Filter>源文件</Filter>
    </ClCompile>
    <ClCompile Include="..\code\CBaseWorker.cpp">
      <Filter>源文件</Filter>
    </ClCompile>
    <ClCompile Include="..\code\CBuffer.cpp">
      <Filter>源文件</Filter>
    </ClCompile>
    <ClCompile Include="..\code\CCommuniter.cpp">
      <Filter>源文件</Filter>
    </ClCompile>
    <ClCompile Include="..\code\CCommuniterGroups.cpp">
      <Filter>源文件</Filter>
    </ClCompile>
    <ClCompile Include="..\code\CCommuniterMgr.cpp">
      <Filter>源文件</Filter>
    </ClCompile>
    <ClCompile Include="..\code\CConnection.cpp">
      <Filter>源文件</Filter>
    </ClCompile>
    <ClCompile Include="..\code\CEasyLog.cpp">
      <Filter>源文件</Filter>
    </ClCompile>
    <ClCompile Include="..\code\CMessage.cpp">
      <Filter>源文件</Filter>
    </ClCompile>
    <ClCompile Include="..\code\CNetCoreInterface.cpp">
      <Filter>源文件</Filter>
    </ClCompile>
    <ClCompile Include="..\code\CNetWork.cpp">
      <Filter>源文件</Filter>
    </ClCompile>
    <ClCompile Include="..\code\CNodeManager.cpp">
      <Filter>源文件</Filter>
    </ClCompile>
    <ClCompile Include="..\code\CSingleton.cpp">
      <Filter>源文件</Filter>
    </ClCompile>
    <ClCompile Include="..\code\CSocketInterface.cpp">
      <Filter>源文件</Filter>
    </ClCompile>
    <ClCompile Include="..\code\CTools.cpp">
      <Filter>源文件</Filter>
    </ClCompile>
    <ClCompile Include="..\code\NetWorkSerilize.cpp">
      <Filter>源文件</Filter>
    </ClCompile>
    <ClCompile Include="..\code\CTimer.cpp">
      <Filter>源文件</Filter>
    </ClCompile>
  </ItemGroup>
  <ItemGroup>
    <ClInclude Include="..\code\CAcceptor.h">
      <Filter>头文件</Filter>
    </ClInclude>
    <ClInclude Include="..\code\CArray.h">
      <Filter>头文件</Filter>
    </ClInclude>
    <ClInclude Include="..\code\CBaseConnection.h">
      <Filter>头文件</Filter>
    </ClInclude>
    <ClInclude Include="..\code\CBaseSocket.h">
      <Filter>头文件</Filter>
    </ClInclude>
    <ClInclude Include="..\code\CBaseWorker.h">
      <Filter>头文件</Filter>
    </ClInclude>
    <ClInclude Include="..\code\CBuffer.h">
      <Filter>头文件</Filter>
    </ClInclude>
    <ClInclude Include="..\code\CCommuniter.h">
      <Filter>头文件</Filter>
    </ClInclude>
    <ClInclude Include="..\code\CCommuniterGroups.h">
      <Filter>头文件</Filter>
    </ClInclude>
    <ClInclude Include="..\code\CCommuniterMgr.h">
      <Filter>头文件</Filter>
    </ClInclude>
    <ClInclude Include="..\code\CConnection.h">
      <Filter>头文件</Filter>
    </ClInclude>
    <ClInclude Include="..\code\CEasyLog.h">
      <Filter>头文件</Filter>
    </ClInclude>
    <ClInclude Include="..\code\CMessage.h">
      <Filter>头文件</Filter>
    </ClInclude>
    <ClInclude Include="..\code\CNetWork.h">
      <Filter>头文件</Filter>
    </ClInclude>
    <ClInclude Include="..\code\CNodeManager.h">
      <Filter>头文件</Filter>
    </ClInclude>
    <ClInclude Include="..\code\CSingleton.h">
      <Filter>头文件</Filter>
    </ClInclude>
    <ClInclude Include="..\code\CSocketInterface.h">
      <Filter>头文件</Filter>
    </ClInclude>
    <ClInclude Include="..\code\CTools.h">
      <Filter>头文件</Filter>
    </ClInclude>
    <ClInclude Include="..\code\DataDefine.h">
      <Filter>头文件</Filter>
    </ClInclude>
    <ClInclude Include="..\code\NetWorkSerilize.h">
      <Filter>头文件</Filter>
    </ClInclude>
    <ClInclude Include="..\code\CNetCoreInterface.h">
      <Filter>头文件</Filter>
    </ClInclude>
    <ClInclude Include="..\code\CTimer.h">
      <Filter>头文件</Filter>
    </ClInclude>
  </ItemGroup>
</Project>